
Microsoft Visual Studio Solution File, Format Version 12.00
Project("{FAE04EC0-301F-11D3-BF4B-00C04F79EFBC}") = "KauflandMarketplaceV2Sdk", "KauflandMarketplaceV2Sdk\KauflandMarketplaceV2Sdk.csproj", "{4C6B5F28-6FD5-421B-B456-A16FFD09D8BC}"
EndProject
Global
	GlobalSection(SolutionConfigurationPlatforms) = preSolution
		Debug|Any CPU = Debug|Any CPU
		Release|Any CPU = Release|Any CPU
	EndGlobalSection
	GlobalSection(ProjectConfigurationPlatforms) = postSolution
		{4C6B5F28-6FD5-421B-B456-A16FFD09D8BC}.Debug|Any CPU.ActiveCfg = Debug|Any CPU
		{4C6B5F28-6FD5-421B-B456-A16FFD09D8BC}.Debug|Any CPU.Build.0 = Debug|Any CPU
		{4C6B5F28-6FD5-421B-B456-A16FFD09D8BC}.Release|Any CPU.ActiveCfg = Release|Any CPU
		{4C6B5F28-6FD5-421B-B456-A16FFD09D8BC}.Release|Any CPU.Build.0 = Release|Any CPU
	EndGlobalSection
EndGlobal
